
Microsoft Visual Studio Solution File, Format Version 12.00
# Visual Studio Version 17
VisualStudioVersion = 17.14.36705.20
MinimumVisualStudioVersion = 10.0.40219.1
Project("{FAE04EC0-301F-11D3-BF4B-00C04F79EFBC}") = "GestorGimnasioProyecto", "GestorGimnasioProyecto\GestorGimnasioProyecto.csproj", "{325D30B9-4D2E-4ACB-9770-E37178FB632E}"
EndProject
Global
	GlobalSection(SolutionConfigurationPlatforms) = preSolution
		Debug|Any CPU = Debug|Any CPU
		Release|Any CPU = Release|Any CPU
	EndGlobalSection
	GlobalSection(ProjectConfigurationPlatforms) = postSolution
		{325D30B9-4D2E-4ACB-9770-E37178FB632E}.Debug|Any CPU.ActiveCfg = Debug|Any CPU
		{325D30B9-4D2E-4ACB-9770-E37178FB632E}.Debug|Any CPU.Build.0 = Debug|Any CPU
		{325D30B9-4D2E-4ACB-9770-E37178FB632E}.Release|Any CPU.ActiveCfg = Release|Any CPU
		{325D30B9-4D2E-4ACB-9770-E37178FB632E}.Release|Any CPU.Build.0 = Release|Any CPU
	EndGlobalSection
	GlobalSection(SolutionProperties) = preSolution
		HideSolutionNode = FALSE
	EndGlobalSection
	GlobalSection(ExtensibilityGlobals) = postSolution
		SolutionGuid = {4862B1AF-0353-4BF4-8E1E-9E3E837D3FDF}
	EndGlobalSection
EndGlobal
